{
  "version": "5",
  "remote": {
    "https://deno.land/std@0.224.0/async/delay.ts": "f90dd685b97c2f142b8069082993e437b1602b8e2561134827eeb7c12b95c499",
    "https://deno.land/std@0.224.0/http/server.ts": "f9313804bf6467a1704f45f76cb6cd0a3396a3b31c316035e6a4c2035d1ea514"
  },
  "workspace": {
    "packageJson": {
      "dependencies": [
        "npm:@angular-devkit/build-angular@19",
        "npm:@angular-eslint/builder@19",
        "npm:@angular-eslint/eslint-plugin-template@19",
        "npm:@angular-eslint/eslint-plugin@19",
        "npm:@angular-eslint/schematics@19",
        "npm:@angular-eslint/template-parser@19",
        "npm:@angular/animations@19",
        "npm:@angular/cli@19",
        "npm:@angular/common@19",
        "npm:@angular/compiler-cli@19",
        "npm:@angular/compiler@19",
        "npm:@angular/core@19",
        "npm:@angular/forms@19",
        "npm:@angular/language-service@19",
        "npm:@angular/platform-browser-dynamic@19",
        "npm:@angular/platform-browser@19",
        "npm:@angular/router@19",
        "npm:@capacitor-mlkit/barcode-scanning@^7.3.0",
        "npm:@capacitor/android@7.2.0",
        "npm:@capacitor/app-launcher@^7.0.2",
        "npm:@capacitor/app@^7.0.1",
        "npm:@capacitor/assets@^3.0.5",
        "npm:@capacitor/camera@^7.0.2",
        "npm:@capacitor/cli@7.2.0",
        "npm:@capacitor/core@7.2.0",
        "npm:@capacitor/device@^7.0.2",
        "npm:@capacitor/haptics@7.0.1",
        "npm:@capacitor/keyboard@7.0.1",
        "npm:@capacitor/splash-screen@^7.0.1",
        "npm:@capacitor/status-bar@7.0.1",
        "npm:@ionic/angular-toolkit@12",
        "npm:@ionic/angular@8",
        "npm:@solana/wallet-standard-features@^1.3.0",
        "npm:@supabase/supabase-js@^2.57.4",
        "npm:@types/jasmine@5.1",
        "npm:@types/qrcode@^1.5.5",
        "npm:@typescript-eslint/eslint-plugin@^8.18.0",
        "npm:@typescript-eslint/parser@^8.18.0",
        "npm:eslint-plugin-import@^2.29.1",
        "npm:eslint-plugin-jsdoc@^48.2.1",
        "npm:eslint-plugin-prefer-arrow@1.2.2",
        "npm:eslint@^9.16.0",
        "npm:ionicons@7",
        "npm:jasmine-core@5.1",
        "npm:jasmine-spec-reporter@5.0",
        "npm:karma-chrome-launcher@3.2",
        "npm:karma-coverage@2.2",
        "npm:karma-jasmine-html-reporter@2.1",
        "npm:karma-jasmine@5.1",
        "npm:karma@6.4",
        "npm:ngx-toastr@19",
        "npm:qrcode@^1.5.4",
        "npm:rxjs@7.8",
        "npm:tslib@^2.3.0",
        "npm:typescript@~5.6.3",
        "npm:zone.js@0.15"
      ]
    }
  }
}
